
Microsoft Visual Studio Solution File, Format Version 12.00
# Visual Studio Version 16
VisualStudioVersion = 16.0.31019.35
MinimumVisualStudioVersion = 10.0.40219.1
Project("{9A19103F-16F7-4668-BE54-9A1E7A4F7556}") = "Projects", "Projects\Projects.csproj", "{9FFC43BC-B9F3-419E-A026-E9C6C95866B9}"
EndProject
Project("{9A19103F-16F7-4668-BE54-9A1E7A4F7556}") = "TasksUnitTests", "TasksUnitTests\TasksUnitTests.csproj", "{7BB80E56-248B-46B2-A821-C13D83EB40F6}"
EndProject
Global
	GlobalSection(SolutionConfigurationPlatforms) = preSolution
		Debug|Any CPU = Debug|Any CPU
		Release|Any CPU = Release|Any CPU
	EndGlobalSection
	GlobalSection(ProjectConfigurationPlatforms) = postSolution
		{9FFC43BC-B9F3-419E-A026-E9C6C95866B9}.Debug|Any CPU.ActiveCfg = Debug|Any CPU
		{9FFC43BC-B9F3-419E-A026-E9C6C95866B9}.Debug|Any CPU.Build.0 = Debug|Any CPU
		{9FFC43BC-B9F3-419E-A026-E9C6C95866B9}.Release|Any CPU.ActiveCfg = Release|Any CPU
		{9FFC43BC-B9F3-419E-A026-E9C6C95866B9}.Release|Any CPU.Build.0 = Release|Any CPU
		{7BB80E56-248B-46B2-A821-C13D83EB40F6}.Debug|Any CPU.ActiveCfg = Debug|Any CPU
		{7BB80E56-248B-46B2-A821-C13D83EB40F6}.Debug|Any CPU.Build.0 = Debug|Any CPU
		{7BB80E56-248B-46B2-A821-C13D83EB40F6}.Release|Any CPU.ActiveCfg = Release|Any CPU
		{7BB80E56-248B-46B2-A821-C13D83EB40F6}.Release|Any CPU.Build.0 = Release|Any CPU
	EndGlobalSection
	GlobalSection(SolutionProperties) = preSolution
		HideSolutionNode = FALSE
	EndGlobalSection
	GlobalSection(ExtensibilityGlobals) = postSolution
		SolutionGuid = {CBE136EB-A43F-4B37-8056-80709636CA55}
	EndGlobalSection
EndGlobal
